
Microsoft Visual Studio Solution File, Format Version 12.00
# Visual Studio Version 17
VisualStudioVersion = 17.3.32811.315
MinimumVisualStudioVersion = 10.0.40219.1
Project("{FAE04EC0-301F-11D3-BF4B-00C04F79EFBC}") = "EmployePayroll-Day10", "EmployePayroll-Day10.csproj", "{CE967E08-1D1A-4047-A2C5-EA9523E7DFBC}"
EndProject
Global
	GlobalSection(SolutionConfigurationPlatforms) = preSolution
		Debug|Any CPU = Debug|Any CPU
		Release|Any CPU = Release|Any CPU
	EndGlobalSection
	GlobalSection(ProjectConfigurationPlatforms) = postSolution
		{CE967E08-1D1A-4047-A2C5-EA9523E7DFBC}.Debug|Any CPU.ActiveCfg = Debug|Any CPU
		{CE967E08-1D1A-4047-A2C5-EA9523E7DFBC}.Debug|Any CPU.Build.0 = Debug|Any CPU
		{CE967E08-1D1A-4047-A2C5-EA9523E7DFBC}.Release|Any CPU.ActiveCfg = Release|Any CPU
		{CE967E08-1D1A-4047-A2C5-EA9523E7DFBC}.Release|Any CPU.Build.0 = Release|Any CPU
	EndGlobalSection
	GlobalSection(SolutionProperties) = preSolution
		HideSolutionNode = FALSE
	EndGlobalSection
	GlobalSection(ExtensibilityGlobals) = postSolution
		SolutionGuid = {0623A188-00C7-4085-BB37-9536C32298CA}
	EndGlobalSection
EndGlobal
